<?xml version="1.0" encoding="utf-8"?>
<Project ToolsVersion="4.0" xmlns="http://schemas.microsoft.com/developer/msbuild/2003">
  <ItemGroup>
    <Filter Include="Default">
      <UniqueIdentifier>{b4c0e093-cc63-45db-9483-58cf4ff3abf8}</UniqueIdentifier>
    </Filter>
    <Filter Include="Manager">
      <UniqueIdentifier>{1ac7be6f-f41c-4581-b63a-0e9b6a135dbc}</UniqueIdentifier>
    </Filter>
    <Filter Include="Script">
      <UniqueIdentifier>{7bd1f694-819c-4ee1-89c2-1cd98bb45c9b}</UniqueIdentifier>
    </Filter>
    <Filter Include="Script\GameObject">
      <UniqueIdentifier>{861e2c3d-d7ba-4519-a87e-02c8001b81af}</UniqueIdentifier>
    </Filter>
    <Filter Include="Script\Camera">
      <UniqueIdentifier>{f8e940bb-4cd4-45b3-9438-39a5f2f27273}</UniqueIdentifier>
    </Filter>
  </ItemGroup>
  <ItemGroup>
    <ClInclude Include="pch.h">
      <Filter>Default</Filter>
    </ClInclude>
    <ClInclude Include="framework.h">
      <Filter>Default</Filter>
    </ClInclude>
    <ClInclude Include="CScriptMgr.h">
      <Filter>Manager</Filter>
    </ClInclude>
    <ClInclude Include="CEditorCameraScript.h">
      <Filter>Script\Camera</Filter>
    </ClInclude>
    <ClInclude Include="CCameraMoveScript.h">
      <Filter>Script\Camera</Filter>
    </ClInclude>
    <ClInclude Include="CPlayerScript.h">
      <Filter>Script\GameObject</Filter>
    </ClInclude>
    <ClInclude Include="CMissileScript.h">
      <Filter>Script\GameObject</Filter>
    </ClInclude>
  </ItemGroup>
  <ItemGroup>
    <ClCompile Include="Scripts.cpp">
      <Filter>Default</Filter>
    </ClCompile>
    <ClCompile Include="pch.cpp">
      <Filter>Default</Filter>
    </ClCompile>
    <ClCompile Include="CScriptMgr.cpp">
      <Filter>Manager</Filter>
    </ClCompile>
    <ClCompile Include="CEditorCameraScript.cpp">
      <Filter>Script\Camera</Filter>
    </ClCompile>
    <ClCompile Include="CCameraMoveScript.cpp">
      <Filter>Script\Camera</Filter>
    </ClCompile>
    <ClCompile Include="CPlayerScript.cpp">
      <Filter>Script\GameObject</Filter>
    </ClCompile>
    <ClCompile Include="CMissileScript.cpp">
      <Filter>Script\GameObject</Filter>
    </ClCompile>
  </ItemGroup>
</Project>